
Microsoft Visual Studio Solution File, Format Version 12.00
# Visual Studio 15
VisualStudioVersion = 15.0.28010.2016
MinimumVisualStudioVersion = 10.0.40219.1
Project("{FAE04EC0-301F-11D3-BF4B-00C04F79EFBC}") = "STRING", "STRING\STRING.csproj", "{5C9982A3-CE67-4824-B35E-394FA9534A7C}"
EndProject
Project("{FAE04EC0-301F-11D3-BF4B-00C04F79EFBC}") = "ARBOL3", "ARBOL3\ARBOL3.csproj", "{9C48AFF7-D11B-483D-9DB9-89A1CC614918}"
EndProject
Global
	GlobalSection(SolutionConfigurationPlatforms) = preSolution
		Debug|Any CPU = Debug|Any CPU
		Release|Any CPU = Release|Any CPU
	EndGlobalSection
	GlobalSection(ProjectConfigurationPlatforms) = postSolution
		{5C9982A3-CE67-4824-B35E-394FA9534A7C}.Debug|Any CPU.ActiveCfg = Debug|Any CPU
		{5C9982A3-CE67-4824-B35E-394FA9534A7C}.Debug|Any CPU.Build.0 = Debug|Any CPU
		{5C9982A3-CE67-4824-B35E-394FA9534A7C}.Release|Any CPU.ActiveCfg = Release|Any CPU
		{5C9982A3-CE67-4824-B35E-394FA9534A7C}.Release|Any CPU.Build.0 = Release|Any CPU
		{9C48AFF7-D11B-483D-9DB9-89A1CC614918}.Debug|Any CPU.ActiveCfg = Debug|Any CPU
		{9C48AFF7-D11B-483D-9DB9-89A1CC614918}.Debug|Any CPU.Build.0 = Debug|Any CPU
		{9C48AFF7-D11B-483D-9DB9-89A1CC614918}.Release|Any CPU.ActiveCfg = Release|Any CPU
		{9C48AFF7-D11B-483D-9DB9-89A1CC614918}.Release|Any CPU.Build.0 = Release|Any CPU
	EndGlobalSection
	GlobalSection(SolutionProperties) = preSolution
		HideSolutionNode = FALSE
	EndGlobalSection
	GlobalSection(ExtensibilityGlobals) = postSolution
		SolutionGuid = {16EBE63B-5ABA-4297-A231-47A904621F84}
	EndGlobalSection
EndGlobal
